
Microsoft Visual Studio Solution File, Format Version 12.00
# Visual Studio Version 16
VisualStudioVersion = 16.0.32602.291
MinimumVisualStudioVersion = 10.0.40219.1
Project("{FAE04EC0-301F-11D3-BF4B-00C04F79EFBC}") = "OR.HW_2", "OR.HW_2\OR.HW_2.csproj", "{AF7AA517-B91E-42DE-9663-7444B1C13602}"
EndProject
Global
	GlobalSection(SolutionConfigurationPlatforms) = preSolution
		Debug|Any CPU = Debug|Any CPU
		Release|Any CPU = Release|Any CPU
	EndGlobalSection
	GlobalSection(ProjectConfigurationPlatforms) = postSolution
		{AF7AA517-B91E-42DE-9663-7444B1C13602}.Debug|Any CPU.ActiveCfg = Debug|Any CPU
		{AF7AA517-B91E-42DE-9663-7444B1C13602}.Debug|Any CPU.Build.0 = Debug|Any CPU
		{AF7AA517-B91E-42DE-9663-7444B1C13602}.Release|Any CPU.ActiveCfg = Release|Any CPU
		{AF7AA517-B91E-42DE-9663-7444B1C13602}.Release|Any CPU.Build.0 = Release|Any CPU
	EndGlobalSection
	GlobalSection(SolutionProperties) = preSolution
		HideSolutionNode = FALSE
	EndGlobalSection
	GlobalSection(ExtensibilityGlobals) = postSolution
		SolutionGuid = {545F3763-5F7D-43AA-BBED-967F663B8844}
	EndGlobalSection
EndGlobal
