
Microsoft Visual Studio Solution File, Format Version 12.00
# Visual Studio Version 17
VisualStudioVersion = 17.3.32929.385
MinimumVisualStudioVersion = 10.0.40219.1
Project("{FAE04EC0-301F-11D3-BF4B-00C04F79EFBC}") = "TestAsposeDiagram", "TestAsposeDiagram.csproj", "{C46DD4F2-1582-40C1-8B28-69774070FC02}"
EndProject
Global
	GlobalSection(SolutionConfigurationPlatforms) = preSolution
		Debug|Any CPU = Debug|Any CPU
		Release|Any CPU = Release|Any CPU
	EndGlobalSection
	GlobalSection(ProjectConfigurationPlatforms) = postSolution
		{C46DD4F2-1582-40C1-8B28-69774070FC02}.Debug|Any CPU.ActiveCfg = Debug|Any CPU
		{C46DD4F2-1582-40C1-8B28-69774070FC02}.Debug|Any CPU.Build.0 = Debug|Any CPU
		{C46DD4F2-1582-40C1-8B28-69774070FC02}.Release|Any CPU.ActiveCfg = Release|Any CPU
		{C46DD4F2-1582-40C1-8B28-69774070FC02}.Release|Any CPU.Build.0 = Release|Any CPU
	EndGlobalSection
	GlobalSection(SolutionProperties) = preSolution
		HideSolutionNode = FALSE
	EndGlobalSection
	GlobalSection(ExtensibilityGlobals) = postSolution
		SolutionGuid = {1A46D5AD-C87D-42AC-A155-6C32B8980E1E}
	EndGlobalSection
EndGlobal
