
Microsoft Visual Studio Solution File, Format Version 12.00
# Visual Studio Version 17
VisualStudioVersion = 17.1.32319.34
MinimumVisualStudioVersion = 10.0.40219.1
Project("{FAE04EC0-301F-11D3-BF4B-00C04F79EFBC}") = "StartApp", "StartApp\StartApp.csproj", "{03518980-0733-4C0D-B6B4-F6EB3C5440BB}"
EndProject
Global
	GlobalSection(SolutionConfigurationPlatforms) = preSolution
		Debug|Any CPU = Debug|Any CPU
		Release|Any CPU = Release|Any CPU
	EndGlobalSection
	GlobalSection(ProjectConfigurationPlatforms) = postSolution
		{03518980-0733-4C0D-B6B4-F6EB3C5440BB}.Debug|Any CPU.ActiveCfg = Debug|Any CPU
		{03518980-0733-4C0D-B6B4-F6EB3C5440BB}.Debug|Any CPU.Build.0 = Debug|Any CPU
		{03518980-0733-4C0D-B6B4-F6EB3C5440BB}.Release|Any CPU.ActiveCfg = Release|Any CPU
		{03518980-0733-4C0D-B6B4-F6EB3C5440BB}.Release|Any CPU.Build.0 = Release|Any CPU
	EndGlobalSection
	GlobalSection(SolutionProperties) = preSolution
		HideSolutionNode = FALSE
	EndGlobalSection
	GlobalSection(ExtensibilityGlobals) = postSolution
		SolutionGuid = {89C50C4F-CF81-4D32-A32D-84A1B0A1E247}
	EndGlobalSection
EndGlobal
